<?xml version="1.0" encoding="utf-8"?>
<Project ToolsVersion="4.0" xmlns="http://schemas.microsoft.com/developer/msbuild/2003">
  <ItemGroup>
    <Filter Include="Arquivos de Origem">
      <UniqueIdentifier>{4FC737F1-C7A5-4376-A066-2A32D752A2FF}</UniqueIdentifier>
      <Extensions>cpp;c;cc;cxx;c++;cppm;ixx;def;odl;idl;hpj;bat;asm;asmx</Extensions>
    </Filter>
    <Filter Include="Arquivos de Cabeçalho">
      <UniqueIdentifier>{93995380-89BD-4b04-88EB-625FBE52EBFB}</UniqueIdentifier>
      <Extensions>h;hh;hpp;hxx;h++;hm;inl;inc;ipp;xsd</Extensions>
    </Filter>
    <Filter Include="Arquivos de Recurso">
      <UniqueIdentifier>{67DA6AB6-F800-4c08-8B7A-83BB121AAD01}</UniqueIdentifier>
      <Extensions>rc;ico;cur;bmp;dlg;rc2;rct;bin;rgs;gif;jpg;jpeg;jpe;resx;tiff;tif;png;wav;mfcribbon-ms</Extensions>
    </Filter>
    <Filter Include="Arquivos de Origem\default">
      <UniqueIdentifier>{8f4574d1-9d6b-4c7e-9741-97c0173943c2}</UniqueIdentifier>
    </Filter>
    <Filter Include="Arquivos de Origem\history">
      <UniqueIdentifier>{0a59b13c-98ec-422e-8c49-5bce97bd32ad}</UniqueIdentifier>
    </Filter>
  </ItemGroup>
  <ItemGroup>
    <ClCompile Include="Trabalho.cpp">
      <Filter>Arquivos de Origem</Filter>
    </ClCompile>
  </ItemGroup>
  <ItemGroup>
    <ClInclude Include="Trabalho.h">
      <Filter>Arquivos de Origem</Filter>
    </ClInclude>
  </ItemGroup>
  <ItemGroup>
    <Text Include="sortype.txt">
      <Filter>Arquivos de Origem\default</Filter>
    </Text>
    <Text Include="creditos.txt">
      <Filter>Arquivos de Origem\default</Filter>
    </Text>
    <Text Include="options.txt">
      <Filter>Arquivos de Origem\default</Filter>
    </Text>
    <Text Include="lobby.txt">
      <Filter>Arquivos de Origem\default</Filter>
    </Text>
    <Text Include="intro.txt">
      <Filter>Arquivos de Origem\history</Filter>
    </Text>
    <Text Include="taberna.txt">
      <Filter>Arquivos de Origem\history</Filter>
    </Text>
    <Text Include="tabernasl.txt">
      <Filter>Arquivos de Origem\history</Filter>
    </Text>
    <Text Include="ladina.txt">
      <Filter>Arquivos de Origem\history</Filter>
    </Text>
  </ItemGroup>
</Project>